{
  "name": "@financialadvisor/financial-tools",
  "version": "1.0.0",
  "lockfileVersion": 3,
  "requires": true,
  "packages": {
    "": {
      "name": "@financialadvisor/financial-tools",
      "version": "1.0.0",
      "license": "MIT",
      "dependencies": {
        "@financialadvisor/shared": "file:../shared",
        "financial-advisor": "file:../.."
      },
      "devDependencies": {
        "typescript": "^5.0.0"
      }
    },
    "../..": {
      "name": "financial-advisor",
      "version": "0.1.0",
      "license": "MIT",
      "dependencies": {
        "@modelcontextprotocol/sdk": "^1.18.1"
      },
      "devDependencies": {
        "@cyclonedx/cdxgen": "^11.7.0",
        "@istanbuljs/nyc-config-typescript": "^1.0.2",
        "@types/glob": "^9.0.0",
        "@types/mocha": "^10.0.10",
        "@types/node": "^24.5.2",
        "@types/vscode": "^1.104.0",
        "@typescript-eslint/eslint-plugin": "^8.44.0",
        "@typescript-eslint/parser": "^8.44.0",
        "@vscode/test-electron": "^2.5.2",
        "@vscode/vsce": "^3.6.0",
        "eslint": "^9.36.0",
        "glob": "^11.0.3",
        "husky": "^9.1.7",
        "license-checker": "^25.0.1",
        "lint-staged": "^16.1.6",
        "mocha": "^11.7.2",
        "nyc": "^17.1.0",
        "prettier": "^3.6.2",
        "rimraf": "^6.0.1",
        "ts-node": "^10.9.2",
        "typescript": "^5.9.2"
      },
      "engines": {
        "node": ">=22.0.0",
        "vscode": "^1.104.0"
      }
    },
    "../shared": {
      "name": "@financialadvisor/shared",
      "version": "1.0.0",
      "license": "MIT",
      "dependencies": {
        "financial-advisor": "file:../.."
      },
      "devDependencies": {
        "typescript": "^5.0.0"
      }
    },
    "node_modules/@financialadvisor/shared": {
      "resolved": "../shared",
      "link": true
    },
    "node_modules/financial-advisor": {
      "resolved": "../..",
      "link": true
    },
    "node_modules/typescript": {
      "version": "5.9.2",
      "resolved": "https://registry.npmjs.org/typescript/-/typescript-5.9.2.tgz",
      "integrity": "sha512-CWBzXQrc/qOkhidw1OzBTQuYRbfyxDXJMVJ1XNwUHGROVmuaeiEm3OslpZ1RV96d7SKKjZKrSJu3+t/xlw3R9A==",
      "dev": true,
      "license": "Apache-2.0",
      "bin": {
        "tsc": "bin/tsc",
        "tsserver": "bin/tsserver"
      },
      "engines": {
        "node": ">=14.17"
      }
    }
  }
}
